// !$*UTF8*$!
{
	archiveVersion = 1;
	classes = {
	};
	objectVersion = 56;
	objects = {

/* Begin PBXBuildFile section */
		D57CD4C32B9EF60000D677E4 /* Drivers_LogApp.swift in Sources */ = {isa = PBXBuildFile; fileRef = D57CD4C22B9EF60000D677E4 /* Drivers_LogApp.swift */; };
		D57CD4C52B9EF60000D677E4 /* ContentView.swift in Sources */ = {isa = PBXBuildFile; fileRef = D57CD4C42B9EF60000D677E4 /* ContentView.swift */; };
		D57CD4C72B9EF60200D677E4 /* Assets.xcassets in Resources */ = {isa = PBXBuildFile; fileRef = D57CD4C62B9EF60200D677E4 /* Assets.xcassets */; };
		D57CD4CA2B9EF60200D677E4 /* Preview Assets.xcassets in Resources */ = {isa = PBXBuildFile; fileRef = D57CD4C92B9EF60200D677E4 /* Preview Assets.xcassets */; };
		D57CD4D22B9EF77A00D677E4 /* HomeView.swift in Sources */ = {isa = PBXBuildFile; fileRef = D57CD4D12B9EF77A00D677E4 /* HomeView.swift */; };
		D57CD4D42B9EF7E300D677E4 /* NewTripView.swift in Sources */ = {isa = PBXBuildFile; fileRef = D57CD4D32B9EF7E300D677E4 /* NewTripView.swift */; };
		D57CD4D62B9EF81C00D677E4 /* MyTripsView.swift in Sources */ = {isa = PBXBuildFile; fileRef = D57CD4D52B9EF81C00D677E4 /* MyTripsView.swift */; };
		D57CD4D92B9EFDD100D677E4 /* BackButton.swift in Sources */ = {isa = PBXBuildFile; fileRef = D57CD4D82B9EFDD100D677E4 /* BackButton.swift */; };
		D57CD4DB2B9EFFD000D677E4 /* TripsRecordRowView.swift in Sources */ = {isa = PBXBuildFile; fileRef = D57CD4DA2B9EFFD000D677E4 /* TripsRecordRowView.swift */; };
		D57CD4DD2B9F053A00D677E4 /* TripDetailView.swift in Sources */ = {isa = PBXBuildFile; fileRef = D57CD4DC2B9F053A00D677E4 /* TripDetailView.swift */; };
		D57CD4E02B9F0E8000D677E4 /* TripLegendView.swift in Sources */ = {isa = PBXBuildFile; fileRef = D57CD4DF2B9F0E8000D677E4 /* TripLegendView.swift */; };
/* End PBXBuildFile section */

/* Begin PBXFileReference section */
		D57CD4BF2B9EF60000D677E4 /* Drivers Log.app */ = {isa = PBXFileReference; explicitFileType = wrapper.application; includeInIndex = 0; path = "Drivers Log.app"; sourceTree = BUILT_PRODUCTS_DIR; };
		D57CD4C22B9EF60000D677E4 /* Drivers_LogApp.swift */ = {isa = PBXFileReference; lastKnownFileType = sourcecode.swift; path = Drivers_LogApp.swift; sourceTree = "<group>"; };
		D57CD4C42B9EF60000D677E4 /* ContentView.swift */ = {isa = PBXFileReference; lastKnownFileType = sourcecode.swift; path = ContentView.swift; sourceTree = "<group>"; };
		D57CD4C62B9EF60200D677E4 /* Assets.xcassets */ = {isa = PBXFileReference; lastKnownFileType = folder.assetcatalog; path = Assets.xcassets; sourceTree = "<group>"; };
		D57CD4C92B9EF60200D677E4 /* Preview Assets.xcassets */ = {isa = PBXFileReference; lastKnownFileType = folder.assetcatalog; path = "Preview Assets.xcassets"; sourceTree = "<group>"; };
		D57CD4D12B9EF77A00D677E4 /* HomeView.swift */ = {isa = PBXFileReference; lastKnownFileType = sourcecode.swift; path = HomeView.swift; sourceTree = "<group>"; };
		D57CD4D32B9EF7E300D677E4 /* NewTripView.swift */ = {isa = PBXFileReference; lastKnownFileType = sourcecode.swift; path = NewTripView.swift; sourceTree = "<group>"; };
		D57CD4D52B9EF81C00D677E4 /* MyTripsView.swift */ = {isa = PBXFileReference; lastKnownFileType = sourcecode.swift; path = MyTripsView.swift; sourceTree = "<group>"; };
		D57CD4D82B9EFDD100D677E4 /* BackButton.swift */ = {isa = PBXFileReference; lastKnownFileType = sourcecode.swift; path = BackButton.swift; sourceTree = "<group>"; };
		D57CD4DA2B9EFFD000D677E4 /* TripsRecordRowView.swift */ = {isa = PBXFileReference; lastKnownFileType = sourcecode.swift; path = TripsRecordRowView.swift; sourceTree = "<group>"; };
		D57CD4DC2B9F053A00D677E4 /* TripDetailView.swift */ = {isa = PBXFileReference; lastKnownFileType = sourcecode.swift; path = TripDetailView.swift; sourceTree = "<group>"; };
		D57CD4DF2B9F0E8000D677E4 /* TripLegendView.swift */ = {isa = PBXFileReference; lastKnownFileType = sourcecode.swift; path = TripLegendView.swift; sourceTree = "<group>"; };
/* End PBXFileReference section */

/* Begin PBXFrameworksBuildPhase section */
		D57CD4BC2B9EF60000D677E4 /* Frameworks */ = {
			isa = PBXFrameworksBuildPhase;
			buildActionMask = 2147483647;
			files = (
			);
			runOnlyForDeploymentPostprocessing = 0;
		};
/* End PBXFrameworksBuildPhase section */

/* Begin PBXGroup section */
		D57CD4B62B9EF60000D677E4 = {
			isa = PBXGroup;
			children = (
				D57CD4C12B9EF60000D677E4 /* Drivers Log */,
				D57CD4C02B9EF60000D677E4 /* Products */,
			);
			sourceTree = "<group>";
		};
		D57CD4C02B9EF60000D677E4 /* Products */ = {
			isa = PBXGroup;
			children = (
				D57CD4BF2B9EF60000D677E4 /* Drivers Log.app */,
			);
			name = Products;
			sourceTree = "<group>";
		};
		D57CD4C12B9EF60000D677E4 /* Drivers Log */ = {
			isa = PBXGroup;
			children = (
				D57CD4D72B9EFDA700D677E4 /* Custom-Widgets */,
				D57CD4D02B9EF6DB00D677E4 /* Views */,
				D57CD4C22B9EF60000D677E4 /* Drivers_LogApp.swift */,
				D57CD4C42B9EF60000D677E4 /* ContentView.swift */,
				D57CD4C62B9EF60200D677E4 /* Assets.xcassets */,
				D57CD4C82B9EF60200D677E4 /* Preview Content */,
			);
			path = "Drivers Log";
			sourceTree = "<group>";
		};
		D57CD4C82B9EF60200D677E4 /* Preview Content */ = {
			isa = PBXGroup;
			children = (
				D57CD4C92B9EF60200D677E4 /* Preview Assets.xcassets */,
			);
			path = "Preview Content";
			sourceTree = "<group>";
		};
		D57CD4D02B9EF6DB00D677E4 /* Views */ = {
			isa = PBXGroup;
			children = (
				D57CD4DE2B9F0D5000D677E4 /* Trip-Record */,
				D57CD4D12B9EF77A00D677E4 /* HomeView.swift */,
				D57CD4D32B9EF7E300D677E4 /* NewTripView.swift */,
			);
			path = Views;
			sourceTree = "<group>";
		};
		D57CD4D72B9EFDA700D677E4 /* Custom-Widgets */ = {
			isa = PBXGroup;
			children = (
				D57CD4D82B9EFDD100D677E4 /* BackButton.swift */,
			);
			path = "Custom-Widgets";
			sourceTree = "<group>";
		};
		D57CD4DE2B9F0D5000D677E4 /* Trip-Record */ = {
			isa = PBXGroup;
			children = (
				D57CD4DC2B9F053A00D677E4 /* TripDetailView.swift */,
				D57CD4DA2B9EFFD000D677E4 /* TripsRecordRowView.swift */,
				D57CD4D52B9EF81C00D677E4 /* MyTripsView.swift */,
				D57CD4DF2B9F0E8000D677E4 /* TripLegendView.swift */,
			);
			path = "Trip-Record";
			sourceTree = "<group>";
		};
/* End PBXGroup section */

/* Begin PBXNativeTarget section */
		D57CD4BE2B9EF60000D677E4 /* Drivers Log */ = {
			isa = PBXNativeTarget;
			buildConfigurationList = D57CD4CD2B9EF60200D677E4 /* Build configuration list for PBXNativeTarget "Drivers Log" */;
			buildPhases = (
				D57CD4BB2B9EF60000D677E4 /* Sources */,
				D57CD4BC2B9EF60000D677E4 /* Frameworks */,
				D57CD4BD2B9EF60000D677E4 /* Resources */,
			);
			buildRules = (
			);
			dependencies = (
			);
			name = "Drivers Log";
			productName = "Drivers Log";
			productReference = D57CD4BF2B9EF60000D677E4 /* Drivers Log.app */;
			productType = "com.apple.product-type.application";
		};
/* End PBXNativeTarget section */

/* Begin PBXProject section */
		D57CD4B72B9EF60000D677E4 /* Project object */ = {
			isa = PBXProject;
			attributes = {
				BuildIndependentTargetsInParallel = 1;
				LastSwiftUpdateCheck = 1500;
				LastUpgradeCheck = 1500;
				TargetAttributes = {
					D57CD4BE2B9EF60000D677E4 = {
						CreatedOnToolsVersion = 15.0;
					};
				};
			};
			buildConfigurationList = D57CD4BA2B9EF60000D677E4 /* Build configuration list for PBXProject "Drivers Log" */;
			compatibilityVersion = "Xcode 14.0";
			developmentRegion = en;
			hasScannedForEncodings = 0;
			knownRegions = (
				en,
				Base,
			);
			mainGroup = D57CD4B62B9EF60000D677E4;
			productRefGroup = D57CD4C02B9EF60000D677E4 /* Products */;
			projectDirPath = "";
			projectRoot = "";
			targets = (
				D57CD4BE2B9EF60000D677E4 /* Drivers Log */,
			);
		};
/* End PBXProject section */

/* Begin PBXResourcesBuildPhase section */
		D57CD4BD2B9EF60000D677E4 /* Resources */ = {
			isa = PBXResourcesBuildPhase;
			buildActionMask = 2147483647;
			files = (
				D57CD4CA2B9EF60200D677E4 /* Preview Assets.xcassets in Resources */,
				D57CD4C72B9EF60200D677E4 /* Assets.xcassets in Resources */,
			);
			runOnlyForDeploymentPostprocessing = 0;
		};
/* End PBXResourcesBuildPhase section */

/* Begin PBXSourcesBuildPhase section */
		D57CD4BB2B9EF60000D677E4 /* Sources */ = {
			isa = PBXSourcesBuildPhase;
			buildActionMask = 2147483647;
			files = (
				D57CD4D42B9EF7E300D677E4 /* NewTripView.swift in Sources */,
				D57CD4D22B9EF77A00D677E4 /* HomeView.swift in Sources */,
				D57CD4D92B9EFDD100D677E4 /* BackButton.swift in Sources */,
				D57CD4E02B9F0E8000D677E4 /* TripLegendView.swift in Sources */,
				D57CD4DB2B9EFFD000D677E4 /* TripsRecordRowView.swift in Sources */,
				D57CD4DD2B9F053A00D677E4 /* TripDetailView.swift in Sources */,
				D57CD4C52B9EF60000D677E4 /* ContentView.swift in Sources */,
				D57CD4D62B9EF81C00D677E4 /* MyTripsView.swift in Sources */,
				D57CD4C32B9EF60000D677E4 /* Drivers_LogApp.swift in Sources */,
			);
			runOnlyForDeploymentPostprocessing = 0;
		};
/* End PBXSourcesBuildPhase section */

/* Begin XCBuildConfiguration section */
		D57CD4CB2B9EF60200D677E4 /* Debug */ = {
			isa = XCBuildConfiguration;
			buildSettings = {
				ALWAYS_SEARCH_USER_PATHS = NO;
				ASSETCATALOG_COMPILER_GENERATE_SWIFT_ASSET_SYMBOL_EXTENSIONS = YES;
				CLANG_ANALYZER_NONNULL = YES;
				CLANG_ANALYZER_NUMBER_OBJECT_CONVERSION = YES_AGGRESSIVE;
				CLANG_CXX_LANGUAGE_STANDARD = "gnu++20";
				CLANG_ENABLE_MODULES = YES;
				CLANG_ENABLE_OBJC_ARC = YES;
				CLANG_ENABLE_OBJC_WEAK = YES;
				CLANG_WARN_BLOCK_CAPTURE_AUTORELEASING = YES;
				CLANG_WARN_BOOL_CONVERSION = YES;
				CLANG_WARN_COMMA = YES;
				CLANG_WARN_CONSTANT_CONVERSION = YES;
				CLANG_WARN_DEPRECATED_OBJC_IMPLEMENTATIONS = YES;
				CLANG_WARN_DIRECT_OBJC_ISA_USAGE = YES_ERROR;
				CLANG_WARN_DOCUMENTATION_COMMENTS = YES;
				CLANG_WARN_EMPTY_BODY = YES;
				CLANG_WARN_ENUM_CONVERSION = YES;
				CLANG_WARN_INFINITE_RECURSION = YES;
				CLANG_WARN_INT_CONVERSION = YES;
				CLANG_WARN_NON_LITERAL_NULL_CONVERSION = YES;
				CLANG_WARN_OBJC_IMPLICIT_RETAIN_SELF = YES;
				CLANG_WARN_OBJC_LITERAL_CONVERSION = YES;
				CLANG_WARN_OBJC_ROOT_CLASS = YES_ERROR;
				CLANG_WARN_QUOTED_INCLUDE_IN_FRAMEWORK_HEADER = YES;
				CLANG_WARN_RANGE_LOOP_ANALYSIS = YES;
				CLANG_WARN_STRICT_PROTOTYPES = YES;
				CLANG_WARN_SUSPICIOUS_MOVE = YES;
				CLANG_WARN_UNGUARDED_AVAILABILITY = YES_AGGRESSIVE;
				CLANG_WARN_UNREACHABLE_CODE = YES;
				CLANG_WARN__DUPLICATE_METHOD_MATCH = YES;
				COPY_PHASE_STRIP = NO;
				DEBUG_INFORMATION_FORMAT = dwarf;
				ENABLE_STRICT_OBJC_MSGSEND = YES;
				ENABLE_TESTABILITY = YES;
				ENABLE_USER_SCRIPT_SANDBOXING = YES;
				GCC_C_LANGUAGE_STANDARD = gnu17;
				GCC_DYNAMIC_NO_PIC = NO;
				GCC_NO_COMMON_BLOCKS = YES;
				GCC_OPTIMIZATION_LEVEL = 0;
				GCC_PREPROCESSOR_DEFINITIONS = (
					"DEBUG=1",
					"$(inherited)",
				);
				GCC_WARN_64_TO_32_BIT_CONVERSION = YES;
				GCC_WARN_ABOUT_RETURN_TYPE = YES_ERROR;
				GCC_WARN_UNDECLARED_SELECTOR = YES;
				GCC_WARN_UNINITIALIZED_AUTOS = YES_AGGRESSIVE;
				GCC_WARN_UNUSED_FUNCTION = YES;
				GCC_WARN_UNUSED_VARIABLE = YES;
				IPHONEOS_DEPLOYMENT_TARGET = 17.0;
				LOCALIZATION_PREFERS_STRING_CATALOGS = YES;
				MTL_ENABLE_DEBUG_INFO = INCLUDE_SOURCE;
				MTL_FAST_MATH = YES;
				ONLY_ACTIVE_ARCH = YES;
				SDKROOT = iphoneos;
				SWIFT_ACTIVE_COMPILATION_CONDITIONS = "DEBUG $(inherited)";
				SWIFT_OPTIMIZATION_LEVEL = "-Onone";
			};
			name = Debug;
		};
		D57CD4CC2B9EF60200D677E4 /* Release */ = {
			isa = XCBuildConfiguration;
			buildSettings = {
				ALWAYS_SEARCH_USER_PATHS = NO;
				ASSETCATALOG_COMPILER_GENERATE_SWIFT_ASSET_SYMBOL_EXTENSIONS = YES;
				CLANG_ANALYZER_NONNULL = YES;
				CLANG_ANALYZER_NUMBER_OBJECT_CONVERSION = YES_AGGRESSIVE;
				CLANG_CXX_LANGUAGE_STANDARD = "gnu++20";
				CLANG_ENABLE_MODULES = YES;
				CLANG_ENABLE_OBJC_ARC = YES;
				CLANG_ENABLE_OBJC_WEAK = YES;
				CLANG_WARN_BLOCK_CAPTURE_AUTORELEASING = YES;
				CLANG_WARN_BOOL_CONVERSION = YES;
				CLANG_WARN_COMMA = YES;
				CLANG_WARN_CONSTANT_CONVERSION = YES;
				CLANG_WARN_DEPRECATED_OBJC_IMPLEMENTATIONS = YES;
				CLANG_WARN_DIRECT_OBJC_ISA_USAGE = YES_ERROR;
				CLANG_WARN_DOCUMENTATION_COMMENTS = YES;
				CLANG_WARN_EMPTY_BODY = YES;
				CLANG_WARN_ENUM_CONVERSION = YES;
				CLANG_WARN_INFINITE_RECURSION = YES;
				CLANG_WARN_INT_CONVERSION = YES;
				CLANG_WARN_NON_LITERAL_NULL_CONVERSION = YES;
				CLANG_WARN_OBJC_IMPLICIT_RETAIN_SELF = YES;
				CLANG_WARN_OBJC_LITERAL_CONVERSION = YES;
				CLANG_WARN_OBJC_ROOT_CLASS = YES_ERROR;
				CLANG_WARN_QUOTED_INCLUDE_IN_FRAMEWORK_HEADER = YES;
				CLANG_WARN_RANGE_LOOP_ANALYSIS = YES;
				CLANG_WARN_STRICT_PROTOTYPES = YES;
				CLANG_WARN_SUSPICIOUS_MOVE = YES;
				CLANG_WARN_UNGUARDED_AVAILABILITY = YES_AGGRESSIVE;
				CLANG_WARN_UNREACHABLE_CODE = YES;
				CLANG_WARN__DUPLICATE_METHOD_MATCH = YES;
				COPY_PHASE_STRIP = NO;
				DEBUG_INFORMATION_FORMAT = "dwarf-with-dsym";
				ENABLE_NS_ASSERTIONS = NO;
				ENABLE_STRICT_OBJC_MSGSEND = YES;
				ENABLE_USER_SCRIPT_SANDBOXING = YES;
				GCC_C_LANGUAGE_STANDARD = gnu17;
				GCC_NO_COMMON_BLOCKS = YES;
				GCC_WARN_64_TO_32_BIT_CONVERSION = YES;
				GCC_WARN_ABOUT_RETURN_TYPE = YES_ERROR;
				GCC_WARN_UNDECLARED_SELECTOR = YES;
				GCC_WARN_UNINITIALIZED_AUTOS = YES_AGGRESSIVE;
				GCC_WARN_UNUSED_FUNCTION = YES;
				GCC_WARN_UNUSED_VARIABLE = YES;
				IPHONEOS_DEPLOYMENT_TARGET = 17.0;
				LOCALIZATION_PREFERS_STRING_CATALOGS = YES;
				MTL_ENABLE_DEBUG_INFO = NO;
				MTL_FAST_MATH = YES;
				SDKROOT = iphoneos;
				SWIFT_COMPILATION_MODE = wholemodule;
				VALIDATE_PRODUCT = YES;
			};
			name = Release;
		};
		D57CD4CE2B9EF60200D677E4 /* Debug */ = {
			isa = XCBuildConfiguration;
			buildSettings = {
				ASSETCATALOG_COMPILER_APPICON_NAME = AppIcon;
				ASSETCATALOG_COMPILER_GLOBAL_ACCENT_COLOR_NAME = AccentColor;
				CODE_SIGN_STYLE = Automatic;
				CURRENT_PROJECT_VERSION = 1;
				DEVELOPMENT_ASSET_PATHS = "\"Drivers Log/Preview Content\"";
				DEVELOPMENT_TEAM = N3UZ6NV4QG;
				ENABLE_PREVIEWS = YES;
				GENERATE_INFOPLIST_FILE = YES;
				INFOPLIST_KEY_UIApplicationSceneManifest_Generation = YES;
				INFOPLIST_KEY_UIApplicationSupportsIndirectInputEvents = YES;
				INFOPLIST_KEY_UILaunchScreen_Generation = YES;
				INFOPLIST_KEY_UISupportedInterfaceOrientations_iPad = "UIInterfaceOrientationPortrait UIInterfaceOrientationPortraitUpsideDown UIInterfaceOrientationLandscapeLeft UIInterfaceOrientationLandscapeRight";
				INFOPLIST_KEY_UISupportedInterfaceOrientations_iPhone = "UIInterfaceOrientationPortrait UIInterfaceOrientationLandscapeLeft UIInterfaceOrientationLandscapeRight";
				LD_RUNPATH_SEARCH_PATHS = (
					"$(inherited)",
					"@executable_path/Frameworks",
				);
				MARKETING_VERSION = 1.0;
				PRODUCT_BUNDLE_IDENTIFIER = "thefreelancers.Drivers-Log";
				PRODUCT_NAME = "$(TARGET_NAME)";
				SWIFT_EMIT_LOC_STRINGS = YES;
				SWIFT_VERSION = 5.0;
				TARGETED_DEVICE_FAMILY = "1,2";
			};
			name = Debug;
		};
		D57CD4CF2B9EF60200D677E4 /* Release */ = {
			isa = XCBuildConfiguration;
			buildSettings = {
				ASSETCATALOG_COMPILER_APPICON_NAME = AppIcon;
				ASSETCATALOG_COMPILER_GLOBAL_ACCENT_COLOR_NAME = AccentColor;
				CODE_SIGN_STYLE = Automatic;
				CURRENT_PROJECT_VERSION = 1;
				DEVELOPMENT_ASSET_PATHS = "\"Drivers Log/Preview Content\"";
				DEVELOPMENT_TEAM = N3UZ6NV4QG;
				ENABLE_PREVIEWS = YES;
				GENERATE_INFOPLIST_FILE = YES;
				INFOPLIST_KEY_UIApplicationSceneManifest_Generation = YES;
				INFOPLIST_KEY_UIApplicationSupportsIndirectInputEvents = YES;
				INFOPLIST_KEY_UILaunchScreen_Generation = YES;
				INFOPLIST_KEY_UISupportedInterfaceOrientations_iPad = "UIInterfaceOrientationPortrait UIInterfaceOrientationPortraitUpsideDown UIInterfaceOrientationLandscapeLeft UIInterfaceOrientationLandscapeRight";
				INFOPLIST_KEY_UISupportedInterfaceOrientations_iPhone = "UIInterfaceOrientationPortrait UIInterfaceOrientationLandscapeLeft UIInterfaceOrientationLandscapeRight";
				LD_RUNPATH_SEARCH_PATHS = (
					"$(inherited)",
					"@executable_path/Frameworks",
				);
				MARKETING_VERSION = 1.0;
				PRODUCT_BUNDLE_IDENTIFIER = "thefreelancers.Drivers-Log";
				PRODUCT_NAME = "$(TARGET_NAME)";
				SWIFT_EMIT_LOC_STRINGS = YES;
				SWIFT_VERSION = 5.0;
				TARGETED_DEVICE_FAMILY = "1,2";
			};
			name = Release;
		};
/* End XCBuildConfiguration section */

/* Begin XCConfigurationList section */
		D57CD4BA2B9EF60000D677E4 /* Build configuration list for PBXProject "Drivers Log" */ = {
			isa = XCConfigurationList;
			buildConfigurations = (
				D57CD4CB2B9EF60200D677E4 /* Debug */,
				D57CD4CC2B9EF60200D677E4 /* Release */,
			);
			defaultConfigurationIsVisible = 0;
			defaultConfigurationName = Release;
		};
		D57CD4CD2B9EF60200D677E4 /* Build configuration list for PBXNativeTarget "Drivers Log" */ = {
			isa = XCConfigurationList;
			buildConfigurations = (
				D57CD4CE2B9EF60200D677E4 /* Debug */,
				D57CD4CF2B9EF60200D677E4 /* Release */,
			);
			defaultConfigurationIsVisible = 0;
			defaultConfigurationName = Release;
		};
/* End XCConfigurationList section */
	};
	rootObject = D57CD4B72B9EF60000D677E4 /* Project object */;
}
