// !$*UTF8*$!
{
	archiveVersion = 1;
	classes = {
	};
	objectVersion = 56;
	objects = {

/* Begin PBXBuildFile section */
		D536E1232BD03928005FC310 /* table.html in Resources */ = {isa = PBXBuildFile; fileRef = D536E1222BD03927005FC310 /* table.html */; };
		D5684CF22BC56842000236C6 /* TripDetailVM.swift in Sources */ = {isa = PBXBuildFile; fileRef = D5684CF12BC56842000236C6 /* TripDetailVM.swift */; };
		D5684CF42BC5701F000236C6 /* ViewRouteMapRep.swift in Sources */ = {isa = PBXBuildFile; fileRef = D5684CF32BC5701F000236C6 /* ViewRouteMapRep.swift */; };
		D5684CF62BC74B5A000236C6 /* ViewRouteMap.swift in Sources */ = {isa = PBXBuildFile; fileRef = D5684CF52BC74B5A000236C6 /* ViewRouteMap.swift */; };
		D5684CF82BC751C8000236C6 /* FindAddressManager.swift in Sources */ = {isa = PBXBuildFile; fileRef = D5684CF72BC751C8000236C6 /* FindAddressManager.swift */; };
		D5684CFD2BCC9B78000236C6 /* Utilities.swift in Sources */ = {isa = PBXBuildFile; fileRef = D5684CFC2BCC9B78000236C6 /* Utilities.swift */; };
		D57CD4C32B9EF60000D677E4 /* Drivers_LogApp.swift in Sources */ = {isa = PBXBuildFile; fileRef = D57CD4C22B9EF60000D677E4 /* Drivers_LogApp.swift */; };
		D57CD4C52B9EF60000D677E4 /* ContentView.swift in Sources */ = {isa = PBXBuildFile; fileRef = D57CD4C42B9EF60000D677E4 /* ContentView.swift */; };
		D57CD4C72B9EF60200D677E4 /* Assets.xcassets in Resources */ = {isa = PBXBuildFile; fileRef = D57CD4C62B9EF60200D677E4 /* Assets.xcassets */; };
		D57CD4CA2B9EF60200D677E4 /* Preview Assets.xcassets in Resources */ = {isa = PBXBuildFile; fileRef = D57CD4C92B9EF60200D677E4 /* Preview Assets.xcassets */; };
		D57CD4D22B9EF77A00D677E4 /* HomeView.swift in Sources */ = {isa = PBXBuildFile; fileRef = D57CD4D12B9EF77A00D677E4 /* HomeView.swift */; };
		D57CD4D42B9EF7E300D677E4 /* NewTripView.swift in Sources */ = {isa = PBXBuildFile; fileRef = D57CD4D32B9EF7E300D677E4 /* NewTripView.swift */; };
		D57CD4D62B9EF81C00D677E4 /* MyTripsView.swift in Sources */ = {isa = PBXBuildFile; fileRef = D57CD4D52B9EF81C00D677E4 /* MyTripsView.swift */; };
		D57CD4D92B9EFDD100D677E4 /* BackButton.swift in Sources */ = {isa = PBXBuildFile; fileRef = D57CD4D82B9EFDD100D677E4 /* BackButton.swift */; };
		D57CD4DB2B9EFFD000D677E4 /* TripsRecordRowView.swift in Sources */ = {isa = PBXBuildFile; fileRef = D57CD4DA2B9EFFD000D677E4 /* TripsRecordRowView.swift */; };
		D57CD4DD2B9F053A00D677E4 /* TripDetailView.swift in Sources */ = {isa = PBXBuildFile; fileRef = D57CD4DC2B9F053A00D677E4 /* TripDetailView.swift */; };
		D57CD4E02B9F0E8000D677E4 /* TripLegendView.swift in Sources */ = {isa = PBXBuildFile; fileRef = D57CD4DF2B9F0E8000D677E4 /* TripLegendView.swift */; };
		D57E00422BE298AA00C07250 /* PDF+Extension.swift in Sources */ = {isa = PBXBuildFile; fileRef = D57E00412BE298AA00C07250 /* PDF+Extension.swift */; };
		D57E00442BE2B84D00C07250 /* ChooseLegendView.swift in Sources */ = {isa = PBXBuildFile; fileRef = D57E00432BE2B84D00C07250 /* ChooseLegendView.swift */; };
		D5BB06E72BBAEBC400C0DE5D /* GoogleMaps in Frameworks */ = {isa = PBXBuildFile; productRef = D5BB06E62BBAEBC400C0DE5D /* GoogleMaps */; };
		D5BB06E92BBAEBC400C0DE5D /* GoogleMapsBase in Frameworks */ = {isa = PBXBuildFile; productRef = D5BB06E82BBAEBC400C0DE5D /* GoogleMapsBase */; };
		D5BB06EB2BBAEBC400C0DE5D /* GoogleMapsCore in Frameworks */ = {isa = PBXBuildFile; productRef = D5BB06EA2BBAEBC400C0DE5D /* GoogleMapsCore */; };
		D5BB06ED2BBAEBC400C0DE5D /* GoogleMapsM4B in Frameworks */ = {isa = PBXBuildFile; productRef = D5BB06EC2BBAEBC400C0DE5D /* GoogleMapsM4B */; };
		D5C7A33B2BBCDFB500FCAF36 /* GooglePlaces in Frameworks */ = {isa = PBXBuildFile; productRef = D5C7A33A2BBCDFB500FCAF36 /* GooglePlaces */; };
		D5C7A33D2BBCE08E00FCAF36 /* MapView.swift in Sources */ = {isa = PBXBuildFile; fileRef = D5C7A33C2BBCE08E00FCAF36 /* MapView.swift */; };
		D5C7A33F2BBCE74A00FCAF36 /* DriverRouteView.swift in Sources */ = {isa = PBXBuildFile; fileRef = D5C7A33E2BBCE74A00FCAF36 /* DriverRouteView.swift */; };
		D5C7A3422BBD700D00FCAF36 /* LoginView.swift in Sources */ = {isa = PBXBuildFile; fileRef = D5C7A3412BBD700D00FCAF36 /* LoginView.swift */; };
		D5C7A3462BBD708400FCAF36 /* SessionManager.swift in Sources */ = {isa = PBXBuildFile; fileRef = D5C7A3452BBD708400FCAF36 /* SessionManager.swift */; };
		D5C7A3492BBD715800FCAF36 /* FirebaseAnalytics in Frameworks */ = {isa = PBXBuildFile; productRef = D5C7A3482BBD715800FCAF36 /* FirebaseAnalytics */; };
		D5C7A34B2BBD715800FCAF36 /* FirebaseAnalyticsOnDeviceConversion in Frameworks */ = {isa = PBXBuildFile; productRef = D5C7A34A2BBD715800FCAF36 /* FirebaseAnalyticsOnDeviceConversion */; };
		D5C7A34D2BBD715800FCAF36 /* FirebaseAnalyticsSwift in Frameworks */ = {isa = PBXBuildFile; productRef = D5C7A34C2BBD715800FCAF36 /* FirebaseAnalyticsSwift */; };
		D5C7A34F2BBD715800FCAF36 /* FirebaseAnalyticsWithoutAdIdSupport in Frameworks */ = {isa = PBXBuildFile; productRef = D5C7A34E2BBD715800FCAF36 /* FirebaseAnalyticsWithoutAdIdSupport */; };
		D5C7A3512BBD715800FCAF36 /* FirebaseAppCheck in Frameworks */ = {isa = PBXBuildFile; productRef = D5C7A3502BBD715800FCAF36 /* FirebaseAppCheck */; };
		D5C7A3532BBD715800FCAF36 /* FirebaseAppDistribution-Beta in Frameworks */ = {isa = PBXBuildFile; productRef = D5C7A3522BBD715800FCAF36 /* FirebaseAppDistribution-Beta */; };
		D5C7A3562BBD718200FCAF36 /* FirebaseAuth in Frameworks */ = {isa = PBXBuildFile; productRef = D5C7A3552BBD718200FCAF36 /* FirebaseAuth */; };
		D5C7A3582BBD718D00FCAF36 /* FirebaseFirestore in Frameworks */ = {isa = PBXBuildFile; productRef = D5C7A3572BBD718D00FCAF36 /* FirebaseFirestore */; };
		D5C7A35A2BBD73D700FCAF36 /* GoogleService-Info.plist in Resources */ = {isa = PBXBuildFile; fileRef = D5C7A3592BBD73D700FCAF36 /* GoogleService-Info.plist */; };
		D5C7A35C2BBD845D00FCAF36 /* VerifyOTPView.swift in Sources */ = {isa = PBXBuildFile; fileRef = D5C7A35B2BBD845D00FCAF36 /* VerifyOTPView.swift */; };
		D5E9843A2BC49B8D007B0BC2 /* MapCoordinator.swift in Sources */ = {isa = PBXBuildFile; fileRef = D5E984392BC49B8D007B0BC2 /* MapCoordinator.swift */; };
		D5E9843D2BC4A271007B0BC2 /* DriverRouteModel.swift in Sources */ = {isa = PBXBuildFile; fileRef = D5E9843C2BC4A271007B0BC2 /* DriverRouteModel.swift */; };
		D5EA592C2BD27B21003569BB /* PDFFormattedView.swift in Sources */ = {isa = PBXBuildFile; fileRef = D5EA592B2BD27B21003569BB /* PDFFormattedView.swift */; };
/* End PBXBuildFile section */

/* Begin PBXFileReference section */
		D5052B762BB5CA50007552BB /* Drivers-Log-Info.plist */ = {isa = PBXFileReference; lastKnownFileType = text.plist; path = "Drivers-Log-Info.plist"; sourceTree = SOURCE_ROOT; };
		D536E1222BD03927005FC310 /* table.html */ = {isa = PBXFileReference; fileEncoding = 4; lastKnownFileType = text.html; path = table.html; sourceTree = "<group>"; };
		D5684CF12BC56842000236C6 /* TripDetailVM.swift */ = {isa = PBXFileReference; lastKnownFileType = sourcecode.swift; path = TripDetailVM.swift; sourceTree = "<group>"; };
		D5684CF32BC5701F000236C6 /* ViewRouteMapRep.swift */ = {isa = PBXFileReference; lastKnownFileType = sourcecode.swift; path = ViewRouteMapRep.swift; sourceTree = "<group>"; };
		D5684CF52BC74B5A000236C6 /* ViewRouteMap.swift */ = {isa = PBXFileReference; lastKnownFileType = sourcecode.swift; path = ViewRouteMap.swift; sourceTree = "<group>"; };
		D5684CF72BC751C8000236C6 /* FindAddressManager.swift */ = {isa = PBXFileReference; lastKnownFileType = sourcecode.swift; path = FindAddressManager.swift; sourceTree = "<group>"; };
		D5684CFC2BCC9B78000236C6 /* Utilities.swift */ = {isa = PBXFileReference; lastKnownFileType = sourcecode.swift; path = Utilities.swift; sourceTree = "<group>"; };
		D57CD4BF2B9EF60000D677E4 /* Drivers Log.app */ = {isa = PBXFileReference; explicitFileType = wrapper.application; includeInIndex = 0; path = "Drivers Log.app"; sourceTree = BUILT_PRODUCTS_DIR; };
		D57CD4C22B9EF60000D677E4 /* Drivers_LogApp.swift */ = {isa = PBXFileReference; lastKnownFileType = sourcecode.swift; path = Drivers_LogApp.swift; sourceTree = "<group>"; };
		D57CD4C42B9EF60000D677E4 /* ContentView.swift */ = {isa = PBXFileReference; lastKnownFileType = sourcecode.swift; path = ContentView.swift; sourceTree = "<group>"; };
		D57CD4C62B9EF60200D677E4 /* Assets.xcassets */ = {isa = PBXFileReference; lastKnownFileType = folder.assetcatalog; path = Assets.xcassets; sourceTree = "<group>"; };
		D57CD4C92B9EF60200D677E4 /* Preview Assets.xcassets */ = {isa = PBXFileReference; lastKnownFileType = folder.assetcatalog; path = "Preview Assets.xcassets"; sourceTree = "<group>"; };
		D57CD4D12B9EF77A00D677E4 /* HomeView.swift */ = {isa = PBXFileReference; lastKnownFileType = sourcecode.swift; path = HomeView.swift; sourceTree = "<group>"; };
		D57CD4D32B9EF7E300D677E4 /* NewTripView.swift */ = {isa = PBXFileReference; lastKnownFileType = sourcecode.swift; path = NewTripView.swift; sourceTree = "<group>"; };
		D57CD4D52B9EF81C00D677E4 /* MyTripsView.swift */ = {isa = PBXFileReference; lastKnownFileType = sourcecode.swift; path = MyTripsView.swift; sourceTree = "<group>"; };
		D57CD4D82B9EFDD100D677E4 /* BackButton.swift */ = {isa = PBXFileReference; lastKnownFileType = sourcecode.swift; path = BackButton.swift; sourceTree = "<group>"; };
		D57CD4DA2B9EFFD000D677E4 /* TripsRecordRowView.swift */ = {isa = PBXFileReference; lastKnownFileType = sourcecode.swift; path = TripsRecordRowView.swift; sourceTree = "<group>"; };
		D57CD4DC2B9F053A00D677E4 /* TripDetailView.swift */ = {isa = PBXFileReference; lastKnownFileType = sourcecode.swift; path = TripDetailView.swift; sourceTree = "<group>"; };
		D57CD4DF2B9F0E8000D677E4 /* TripLegendView.swift */ = {isa = PBXFileReference; lastKnownFileType = sourcecode.swift; path = TripLegendView.swift; sourceTree = "<group>"; };
		D57E00412BE298AA00C07250 /* PDF+Extension.swift */ = {isa = PBXFileReference; lastKnownFileType = sourcecode.swift; path = "PDF+Extension.swift"; sourceTree = "<group>"; };
		D57E00432BE2B84D00C07250 /* ChooseLegendView.swift */ = {isa = PBXFileReference; lastKnownFileType = sourcecode.swift; path = ChooseLegendView.swift; sourceTree = "<group>"; };
		D5C7A33C2BBCE08E00FCAF36 /* MapView.swift */ = {isa = PBXFileReference; lastKnownFileType = sourcecode.swift; path = MapView.swift; sourceTree = "<group>"; };
		D5C7A33E2BBCE74A00FCAF36 /* DriverRouteView.swift */ = {isa = PBXFileReference; lastKnownFileType = sourcecode.swift; path = DriverRouteView.swift; sourceTree = "<group>"; };
		D5C7A3412BBD700D00FCAF36 /* LoginView.swift */ = {isa = PBXFileReference; lastKnownFileType = sourcecode.swift; path = LoginView.swift; sourceTree = "<group>"; };
		D5C7A3452BBD708400FCAF36 /* SessionManager.swift */ = {isa = PBXFileReference; fileEncoding = 4; lastKnownFileType = sourcecode.swift; path = SessionManager.swift; sourceTree = "<group>"; };
		D5C7A3592BBD73D700FCAF36 /* GoogleService-Info.plist */ = {isa = PBXFileReference; fileEncoding = 4; lastKnownFileType = text.plist.xml; path = "GoogleService-Info.plist"; sourceTree = "<group>"; };
		D5C7A35B2BBD845D00FCAF36 /* VerifyOTPView.swift */ = {isa = PBXFileReference; lastKnownFileType = sourcecode.swift; path = VerifyOTPView.swift; sourceTree = "<group>"; };
		D5C7A35D2BBD871700FCAF36 /* Drivers Log.entitlements */ = {isa = PBXFileReference; lastKnownFileType = text.plist.entitlements; path = "Drivers Log.entitlements"; sourceTree = "<group>"; };
		D5C7A3612BBDFCFD00FCAF36 /* TestingLocation.gpx */ = {isa = PBXFileReference; lastKnownFileType = text.xml; path = TestingLocation.gpx; sourceTree = "<group>"; };
		D5E984392BC49B8D007B0BC2 /* MapCoordinator.swift */ = {isa = PBXFileReference; lastKnownFileType = sourcecode.swift; path = MapCoordinator.swift; sourceTree = "<group>"; };
		D5E9843C2BC4A271007B0BC2 /* DriverRouteModel.swift */ = {isa = PBXFileReference; lastKnownFileType = sourcecode.swift; path = DriverRouteModel.swift; sourceTree = "<group>"; };
		D5EA592B2BD27B21003569BB /* PDFFormattedView.swift */ = {isa = PBXFileReference; lastKnownFileType = sourcecode.swift; path = PDFFormattedView.swift; sourceTree = "<group>"; };
/* End PBXFileReference section */

/* Begin PBXFrameworksBuildPhase section */
		D57CD4BC2B9EF60000D677E4 /* Frameworks */ = {
			isa = PBXFrameworksBuildPhase;
			buildActionMask = 2147483647;
			files = (
				D5BB06E72BBAEBC400C0DE5D /* GoogleMaps in Frameworks */,
				D5C7A3582BBD718D00FCAF36 /* FirebaseFirestore in Frameworks */,
				D5BB06EB2BBAEBC400C0DE5D /* GoogleMapsCore in Frameworks */,
				D5C7A3492BBD715800FCAF36 /* FirebaseAnalytics in Frameworks */,
				D5C7A34B2BBD715800FCAF36 /* FirebaseAnalyticsOnDeviceConversion in Frameworks */,
				D5C7A34D2BBD715800FCAF36 /* FirebaseAnalyticsSwift in Frameworks */,
				D5BB06ED2BBAEBC400C0DE5D /* GoogleMapsM4B in Frameworks */,
				D5C7A33B2BBCDFB500FCAF36 /* GooglePlaces in Frameworks */,
				D5C7A3562BBD718200FCAF36 /* FirebaseAuth in Frameworks */,
				D5C7A34F2BBD715800FCAF36 /* FirebaseAnalyticsWithoutAdIdSupport in Frameworks */,
				D5C7A3512BBD715800FCAF36 /* FirebaseAppCheck in Frameworks */,
				D5C7A3532BBD715800FCAF36 /* FirebaseAppDistribution-Beta in Frameworks */,
				D5BB06E92BBAEBC400C0DE5D /* GoogleMapsBase in Frameworks */,
			);
			runOnlyForDeploymentPostprocessing = 0;
		};
/* End PBXFrameworksBuildPhase section */

/* Begin PBXGroup section */
		D5052B772BB5CA70007552BB /* Maps */ = {
			isa = PBXGroup;
			children = (
				D5C7A33C2BBCE08E00FCAF36 /* MapView.swift */,
				D5C7A33E2BBCE74A00FCAF36 /* DriverRouteView.swift */,
				D5E984392BC49B8D007B0BC2 /* MapCoordinator.swift */,
				D5684CF32BC5701F000236C6 /* ViewRouteMapRep.swift */,
				D5684CF52BC74B5A000236C6 /* ViewRouteMap.swift */,
			);
			path = Maps;
			sourceTree = "<group>";
		};
		D5052B7A2BB5CAD3007552BB /* ViewModels */ = {
			isa = PBXGroup;
			children = (
				D5C7A3452BBD708400FCAF36 /* SessionManager.swift */,
				D5684CF12BC56842000236C6 /* TripDetailVM.swift */,
				D5684CF72BC751C8000236C6 /* FindAddressManager.swift */,
			);
			path = ViewModels;
			sourceTree = "<group>";
		};
		D5684CF92BCABDAC000236C6 /* GenerateReport */ = {
			isa = PBXGroup;
			children = (
				D5EA592B2BD27B21003569BB /* PDFFormattedView.swift */,
				D57E00412BE298AA00C07250 /* PDF+Extension.swift */,
			);
			path = GenerateReport;
			sourceTree = "<group>";
		};
		D57CD4B62B9EF60000D677E4 = {
			isa = PBXGroup;
			children = (
				D57CD4C12B9EF60000D677E4 /* Drivers Log */,
				D57CD4C02B9EF60000D677E4 /* Products */,
				D5C7A3542BBD718200FCAF36 /* Frameworks */,
			);
			sourceTree = "<group>";
		};
		D57CD4C02B9EF60000D677E4 /* Products */ = {
			isa = PBXGroup;
			children = (
				D57CD4BF2B9EF60000D677E4 /* Drivers Log.app */,
			);
			name = Products;
			sourceTree = "<group>";
		};
		D57CD4C12B9EF60000D677E4 /* Drivers Log */ = {
			isa = PBXGroup;
			children = (
				D5C7A35D2BBD871700FCAF36 /* Drivers Log.entitlements */,
				D5C7A3592BBD73D700FCAF36 /* GoogleService-Info.plist */,
				D5052B762BB5CA50007552BB /* Drivers-Log-Info.plist */,
				D57CD4D72B9EFDA700D677E4 /* HelperClasses */,
				D5E9843B2BC4A257007B0BC2 /* Model */,
				D57CD4D02B9EF6DB00D677E4 /* Views */,
				D5052B7A2BB5CAD3007552BB /* ViewModels */,
				D57CD4C22B9EF60000D677E4 /* Drivers_LogApp.swift */,
				D57CD4C42B9EF60000D677E4 /* ContentView.swift */,
				D57CD4C62B9EF60200D677E4 /* Assets.xcassets */,
				D57CD4C82B9EF60200D677E4 /* Preview Content */,
			);
			path = "Drivers Log";
			sourceTree = "<group>";
		};
		D57CD4C82B9EF60200D677E4 /* Preview Content */ = {
			isa = PBXGroup;
			children = (
				D57CD4C92B9EF60200D677E4 /* Preview Assets.xcassets */,
			);
			path = "Preview Content";
			sourceTree = "<group>";
		};
		D57CD4D02B9EF6DB00D677E4 /* Views */ = {
			isa = PBXGroup;
			children = (
				D5684CF92BCABDAC000236C6 /* GenerateReport */,
				D5C7A3402BBD6FFF00FCAF36 /* Authentication */,
				D5052B772BB5CA70007552BB /* Maps */,
				D57CD4E12B9F33CC00D677E4 /* StartTrip */,
				D57CD4DE2B9F0D5000D677E4 /* TripRecord */,
				D57CD4D12B9EF77A00D677E4 /* HomeView.swift */,
			);
			path = Views;
			sourceTree = "<group>";
		};
		D57CD4D72B9EFDA700D677E4 /* HelperClasses */ = {
			isa = PBXGroup;
			children = (
				D536E1222BD03927005FC310 /* table.html */,
				D57CD4D82B9EFDD100D677E4 /* BackButton.swift */,
				D5C7A3612BBDFCFD00FCAF36 /* TestingLocation.gpx */,
				D5684CFC2BCC9B78000236C6 /* Utilities.swift */,
			);
			path = HelperClasses;
			sourceTree = "<group>";
		};
		D57CD4DE2B9F0D5000D677E4 /* TripRecord */ = {
			isa = PBXGroup;
			children = (
				D57CD4D52B9EF81C00D677E4 /* MyTripsView.swift */,
				D57CD4DC2B9F053A00D677E4 /* TripDetailView.swift */,
				D57CD4DA2B9EFFD000D677E4 /* TripsRecordRowView.swift */,
				D57CD4DF2B9F0E8000D677E4 /* TripLegendView.swift */,
			);
			path = TripRecord;
			sourceTree = "<group>";
		};
		D57CD4E12B9F33CC00D677E4 /* StartTrip */ = {
			isa = PBXGroup;
			children = (
				D57CD4D32B9EF7E300D677E4 /* NewTripView.swift */,
				D57E00432BE2B84D00C07250 /* ChooseLegendView.swift */,
			);
			path = StartTrip;
			sourceTree = "<group>";
		};
		D5C7A3402BBD6FFF00FCAF36 /* Authentication */ = {
			isa = PBXGroup;
			children = (
				D5C7A3412BBD700D00FCAF36 /* LoginView.swift */,
				D5C7A35B2BBD845D00FCAF36 /* VerifyOTPView.swift */,
			);
			path = Authentication;
			sourceTree = "<group>";
		};
		D5C7A3542BBD718200FCAF36 /* Frameworks */ = {
			isa = PBXGroup;
			children = (
			);
			name = Frameworks;
			sourceTree = "<group>";
		};
		D5E9843B2BC4A257007B0BC2 /* Model */ = {
			isa = PBXGroup;
			children = (
				D5E9843C2BC4A271007B0BC2 /* DriverRouteModel.swift */,
			);
			path = Model;
			sourceTree = "<group>";
		};
/* End PBXGroup section */

/* Begin PBXNativeTarget section */
		D57CD4BE2B9EF60000D677E4 /* Drivers Log */ = {
			isa = PBXNativeTarget;
			buildConfigurationList = D57CD4CD2B9EF60200D677E4 /* Build configuration list for PBXNativeTarget "Drivers Log" */;
			buildPhases = (
				D57CD4BB2B9EF60000D677E4 /* Sources */,
				D57CD4BC2B9EF60000D677E4 /* Frameworks */,
				D57CD4BD2B9EF60000D677E4 /* Resources */,
			);
			buildRules = (
			);
			dependencies = (
			);
			name = "Drivers Log";
			packageProductDependencies = (
				D5BB06E62BBAEBC400C0DE5D /* GoogleMaps */,
				D5BB06E82BBAEBC400C0DE5D /* GoogleMapsBase */,
				D5BB06EA2BBAEBC400C0DE5D /* GoogleMapsCore */,
				D5BB06EC2BBAEBC400C0DE5D /* GoogleMapsM4B */,
				D5C7A33A2BBCDFB500FCAF36 /* GooglePlaces */,
				D5C7A3482BBD715800FCAF36 /* FirebaseAnalytics */,
				D5C7A34A2BBD715800FCAF36 /* FirebaseAnalyticsOnDeviceConversion */,
				D5C7A34C2BBD715800FCAF36 /* FirebaseAnalyticsSwift */,
				D5C7A34E2BBD715800FCAF36 /* FirebaseAnalyticsWithoutAdIdSupport */,
				D5C7A3502BBD715800FCAF36 /* FirebaseAppCheck */,
				D5C7A3522BBD715800FCAF36 /* FirebaseAppDistribution-Beta */,
				D5C7A3552BBD718200FCAF36 /* FirebaseAuth */,
				D5C7A3572BBD718D00FCAF36 /* FirebaseFirestore */,
			);
			productName = "Drivers Log";
			productReference = D57CD4BF2B9EF60000D677E4 /* Drivers Log.app */;
			productType = "com.apple.product-type.application";
		};
/* End PBXNativeTarget section */

/* Begin PBXProject section */
		D57CD4B72B9EF60000D677E4 /* Project object */ = {
			isa = PBXProject;
			attributes = {
				BuildIndependentTargetsInParallel = 1;
				LastSwiftUpdateCheck = 1500;
				LastUpgradeCheck = 1500;
				TargetAttributes = {
					D57CD4BE2B9EF60000D677E4 = {
						CreatedOnToolsVersion = 15.0;
					};
				};
			};
			buildConfigurationList = D57CD4BA2B9EF60000D677E4 /* Build configuration list for PBXProject "Drivers Log" */;
			compatibilityVersion = "Xcode 14.0";
			developmentRegion = en;
			hasScannedForEncodings = 0;
			knownRegions = (
				en,
				Base,
			);
			mainGroup = D57CD4B62B9EF60000D677E4;
			packageReferences = (
				D5BB06E52BBAEBC400C0DE5D /* XCRemoteSwiftPackageReference "ios-maps-sdk" */,
				D5C7A3392BBCDFB500FCAF36 /* XCRemoteSwiftPackageReference "ios-places-sdk" */,
				D5C7A3472BBD715800FCAF36 /* XCRemoteSwiftPackageReference "firebase-ios-sdk" */,
			);
			productRefGroup = D57CD4C02B9EF60000D677E4 /* Products */;
			projectDirPath = "";
			projectRoot = "";
			targets = (
				D57CD4BE2B9EF60000D677E4 /* Drivers Log */,
			);
		};
/* End PBXProject section */

/* Begin PBXResourcesBuildPhase section */
		D57CD4BD2B9EF60000D677E4 /* Resources */ = {
			isa = PBXResourcesBuildPhase;
			buildActionMask = 2147483647;
			files = (
				D57CD4CA2B9EF60200D677E4 /* Preview Assets.xcassets in Resources */,
				D536E1232BD03928005FC310 /* table.html in Resources */,
				D57CD4C72B9EF60200D677E4 /* Assets.xcassets in Resources */,
				D5C7A35A2BBD73D700FCAF36 /* GoogleService-Info.plist in Resources */,
			);
			runOnlyForDeploymentPostprocessing = 0;
		};
/* End PBXResourcesBuildPhase section */

/* Begin PBXSourcesBuildPhase section */
		D57CD4BB2B9EF60000D677E4 /* Sources */ = {
			isa = PBXSourcesBuildPhase;
			buildActionMask = 2147483647;
			files = (
				D5684CF22BC56842000236C6 /* TripDetailVM.swift in Sources */,
				D57E00422BE298AA00C07250 /* PDF+Extension.swift in Sources */,
				D57CD4D42B9EF7E300D677E4 /* NewTripView.swift in Sources */,
				D5684CFD2BCC9B78000236C6 /* Utilities.swift in Sources */,
				D57E00442BE2B84D00C07250 /* ChooseLegendView.swift in Sources */,
				D5EA592C2BD27B21003569BB /* PDFFormattedView.swift in Sources */,
				D57CD4D22B9EF77A00D677E4 /* HomeView.swift in Sources */,
				D5684CF42BC5701F000236C6 /* ViewRouteMapRep.swift in Sources */,
				D57CD4D92B9EFDD100D677E4 /* BackButton.swift in Sources */,
				D5E9843A2BC49B8D007B0BC2 /* MapCoordinator.swift in Sources */,
				D57CD4E02B9F0E8000D677E4 /* TripLegendView.swift in Sources */,
				D57CD4DB2B9EFFD000D677E4 /* TripsRecordRowView.swift in Sources */,
				D5C7A3462BBD708400FCAF36 /* SessionManager.swift in Sources */,
				D5684CF82BC751C8000236C6 /* FindAddressManager.swift in Sources */,
				D57CD4DD2B9F053A00D677E4 /* TripDetailView.swift in Sources */,
				D5C7A3422BBD700D00FCAF36 /* LoginView.swift in Sources */,
				D57CD4C52B9EF60000D677E4 /* ContentView.swift in Sources */,
				D5C7A33D2BBCE08E00FCAF36 /* MapView.swift in Sources */,
				D57CD4D62B9EF81C00D677E4 /* MyTripsView.swift in Sources */,
				D5C7A35C2BBD845D00FCAF36 /* VerifyOTPView.swift in Sources */,
				D5684CF62BC74B5A000236C6 /* ViewRouteMap.swift in Sources */,
				D5E9843D2BC4A271007B0BC2 /* DriverRouteModel.swift in Sources */,
				D57CD4C32B9EF60000D677E4 /* Drivers_LogApp.swift in Sources */,
				D5C7A33F2BBCE74A00FCAF36 /* DriverRouteView.swift in Sources */,
			);
			runOnlyForDeploymentPostprocessing = 0;
		};
/* End PBXSourcesBuildPhase section */

/* Begin XCBuildConfiguration section */
		D57CD4CB2B9EF60200D677E4 /* Debug */ = {
			isa = XCBuildConfiguration;
			buildSettings = {
				ALWAYS_SEARCH_USER_PATHS = NO;
				ASSETCATALOG_COMPILER_GENERATE_SWIFT_ASSET_SYMBOL_EXTENSIONS = YES;
				CLANG_ANALYZER_NONNULL = YES;
				CLANG_ANALYZER_NUMBER_OBJECT_CONVERSION = YES_AGGRESSIVE;
				CLANG_CXX_LANGUAGE_STANDARD = "gnu++20";
				CLANG_ENABLE_MODULES = YES;
				CLANG_ENABLE_OBJC_ARC = YES;
				CLANG_ENABLE_OBJC_WEAK = YES;
				CLANG_WARN_BLOCK_CAPTURE_AUTORELEASING = YES;
				CLANG_WARN_BOOL_CONVERSION = YES;
				CLANG_WARN_COMMA = YES;
				CLANG_WARN_CONSTANT_CONVERSION = YES;
				CLANG_WARN_DEPRECATED_OBJC_IMPLEMENTATIONS = YES;
				CLANG_WARN_DIRECT_OBJC_ISA_USAGE = YES_ERROR;
				CLANG_WARN_DOCUMENTATION_COMMENTS = YES;
				CLANG_WARN_EMPTY_BODY = YES;
				CLANG_WARN_ENUM_CONVERSION = YES;
				CLANG_WARN_INFINITE_RECURSION = YES;
				CLANG_WARN_INT_CONVERSION = YES;
				CLANG_WARN_NON_LITERAL_NULL_CONVERSION = YES;
				CLANG_WARN_OBJC_IMPLICIT_RETAIN_SELF = YES;
				CLANG_WARN_OBJC_LITERAL_CONVERSION = YES;
				CLANG_WARN_OBJC_ROOT_CLASS = YES_ERROR;
				CLANG_WARN_QUOTED_INCLUDE_IN_FRAMEWORK_HEADER = YES;
				CLANG_WARN_RANGE_LOOP_ANALYSIS = YES;
				CLANG_WARN_STRICT_PROTOTYPES = YES;
				CLANG_WARN_SUSPICIOUS_MOVE = YES;
				CLANG_WARN_UNGUARDED_AVAILABILITY = YES_AGGRESSIVE;
				CLANG_WARN_UNREACHABLE_CODE = YES;
				CLANG_WARN__DUPLICATE_METHOD_MATCH = YES;
				COPY_PHASE_STRIP = NO;
				DEBUG_INFORMATION_FORMAT = dwarf;
				ENABLE_STRICT_OBJC_MSGSEND = YES;
				ENABLE_TESTABILITY = YES;
				ENABLE_USER_SCRIPT_SANDBOXING = YES;
				GCC_C_LANGUAGE_STANDARD = gnu17;
				GCC_DYNAMIC_NO_PIC = NO;
				GCC_NO_COMMON_BLOCKS = YES;
				GCC_OPTIMIZATION_LEVEL = 0;
				GCC_PREPROCESSOR_DEFINITIONS = (
					"DEBUG=1",
					"$(inherited)",
				);
				GCC_WARN_64_TO_32_BIT_CONVERSION = YES;
				GCC_WARN_ABOUT_RETURN_TYPE = YES_ERROR;
				GCC_WARN_UNDECLARED_SELECTOR = YES;
				GCC_WARN_UNINITIALIZED_AUTOS = YES_AGGRESSIVE;
				GCC_WARN_UNUSED_FUNCTION = YES;
				GCC_WARN_UNUSED_VARIABLE = YES;
				IPHONEOS_DEPLOYMENT_TARGET = 17.0;
				LOCALIZATION_PREFERS_STRING_CATALOGS = YES;
				MTL_ENABLE_DEBUG_INFO = INCLUDE_SOURCE;
				MTL_FAST_MATH = YES;
				ONLY_ACTIVE_ARCH = YES;
				SDKROOT = iphoneos;
				SWIFT_ACTIVE_COMPILATION_CONDITIONS = "DEBUG $(inherited)";
				SWIFT_OPTIMIZATION_LEVEL = "-Onone";
			};
			name = Debug;
		};
		D57CD4CC2B9EF60200D677E4 /* Release */ = {
			isa = XCBuildConfiguration;
			buildSettings = {
				ALWAYS_SEARCH_USER_PATHS = NO;
				ASSETCATALOG_COMPILER_GENERATE_SWIFT_ASSET_SYMBOL_EXTENSIONS = YES;
				CLANG_ANALYZER_NONNULL = YES;
				CLANG_ANALYZER_NUMBER_OBJECT_CONVERSION = YES_AGGRESSIVE;
				CLANG_CXX_LANGUAGE_STANDARD = "gnu++20";
				CLANG_ENABLE_MODULES = YES;
				CLANG_ENABLE_OBJC_ARC = YES;
				CLANG_ENABLE_OBJC_WEAK = YES;
				CLANG_WARN_BLOCK_CAPTURE_AUTORELEASING = YES;
				CLANG_WARN_BOOL_CONVERSION = YES;
				CLANG_WARN_COMMA = YES;
				CLANG_WARN_CONSTANT_CONVERSION = YES;
				CLANG_WARN_DEPRECATED_OBJC_IMPLEMENTATIONS = YES;
				CLANG_WARN_DIRECT_OBJC_ISA_USAGE = YES_ERROR;
				CLANG_WARN_DOCUMENTATION_COMMENTS = YES;
				CLANG_WARN_EMPTY_BODY = YES;
				CLANG_WARN_ENUM_CONVERSION = YES;
				CLANG_WARN_INFINITE_RECURSION = YES;
				CLANG_WARN_INT_CONVERSION = YES;
				CLANG_WARN_NON_LITERAL_NULL_CONVERSION = YES;
				CLANG_WARN_OBJC_IMPLICIT_RETAIN_SELF = YES;
				CLANG_WARN_OBJC_LITERAL_CONVERSION = YES;
				CLANG_WARN_OBJC_ROOT_CLASS = YES_ERROR;
				CLANG_WARN_QUOTED_INCLUDE_IN_FRAMEWORK_HEADER = YES;
				CLANG_WARN_RANGE_LOOP_ANALYSIS = YES;
				CLANG_WARN_STRICT_PROTOTYPES = YES;
				CLANG_WARN_SUSPICIOUS_MOVE = YES;
				CLANG_WARN_UNGUARDED_AVAILABILITY = YES_AGGRESSIVE;
				CLANG_WARN_UNREACHABLE_CODE = YES;
				CLANG_WARN__DUPLICATE_METHOD_MATCH = YES;
				COPY_PHASE_STRIP = NO;
				DEBUG_INFORMATION_FORMAT = "dwarf-with-dsym";
				ENABLE_NS_ASSERTIONS = NO;
				ENABLE_STRICT_OBJC_MSGSEND = YES;
				ENABLE_USER_SCRIPT_SANDBOXING = YES;
				GCC_C_LANGUAGE_STANDARD = gnu17;
				GCC_NO_COMMON_BLOCKS = YES;
				GCC_WARN_64_TO_32_BIT_CONVERSION = YES;
				GCC_WARN_ABOUT_RETURN_TYPE = YES_ERROR;
				GCC_WARN_UNDECLARED_SELECTOR = YES;
				GCC_WARN_UNINITIALIZED_AUTOS = YES_AGGRESSIVE;
				GCC_WARN_UNUSED_FUNCTION = YES;
				GCC_WARN_UNUSED_VARIABLE = YES;
				IPHONEOS_DEPLOYMENT_TARGET = 17.0;
				LOCALIZATION_PREFERS_STRING_CATALOGS = YES;
				MTL_ENABLE_DEBUG_INFO = NO;
				MTL_FAST_MATH = YES;
				SDKROOT = iphoneos;
				SWIFT_COMPILATION_MODE = wholemodule;
				VALIDATE_PRODUCT = YES;
			};
			name = Release;
		};
		D57CD4CE2B9EF60200D677E4 /* Debug */ = {
			isa = XCBuildConfiguration;
			buildSettings = {
				ASSETCATALOG_COMPILER_APPICON_NAME = AppIcon;
				ASSETCATALOG_COMPILER_GLOBAL_ACCENT_COLOR_NAME = AccentColor;
				CODE_SIGN_ENTITLEMENTS = "Drivers Log/Drivers Log.entitlements";
				CODE_SIGN_IDENTITY = "Apple Development";
				CODE_SIGN_STYLE = Automatic;
				CURRENT_PROJECT_VERSION = 1;
				DEVELOPMENT_ASSET_PATHS = "\"Drivers Log/Preview Content\"";
				DEVELOPMENT_TEAM = 36LA7K6V94;
				ENABLE_PREVIEWS = YES;
				GENERATE_INFOPLIST_FILE = YES;
				INFOPLIST_FILE = "Drivers-Log-Info.plist";
				INFOPLIST_KEY_LSSupportsOpeningDocumentsInPlace = YES;
				INFOPLIST_KEY_NSLocationAlwaysAndWhenInUseUsageDescription = "It wants to access your location";
				INFOPLIST_KEY_NSLocationAlwaysUsageDescription = "It wants to access your location";
				INFOPLIST_KEY_NSLocationWhenInUseUsageDescription = "It wants to access your location";
				INFOPLIST_KEY_UIApplicationSceneManifest_Generation = YES;
				INFOPLIST_KEY_UIApplicationSupportsIndirectInputEvents = YES;
				INFOPLIST_KEY_UILaunchScreen_Generation = YES;
				INFOPLIST_KEY_UISupportedInterfaceOrientations_iPad = "UIInterfaceOrientationPortrait UIInterfaceOrientationPortraitUpsideDown UIInterfaceOrientationLandscapeLeft UIInterfaceOrientationLandscapeRight";
				INFOPLIST_KEY_UISupportedInterfaceOrientations_iPhone = "UIInterfaceOrientationPortrait UIInterfaceOrientationLandscapeLeft UIInterfaceOrientationLandscapeRight";
				INFOPLIST_KEY_UIUserInterfaceStyle = Light;
				LD_RUNPATH_SEARCH_PATHS = (
					"$(inherited)",
					"@executable_path/Frameworks",
				);
				MARKETING_VERSION = 1.0;
				PRODUCT_BUNDLE_IDENTIFIER = com.jasonpeters.driverslog;
				PRODUCT_NAME = "$(TARGET_NAME)";
				PROVISIONING_PROFILE_SPECIFIER = "";
				SWIFT_EMIT_LOC_STRINGS = YES;
				SWIFT_VERSION = 5.0;
				TARGETED_DEVICE_FAMILY = "1,2";
			};
			name = Debug;
		};
		D57CD4CF2B9EF60200D677E4 /* Release */ = {
			isa = XCBuildConfiguration;
			buildSettings = {
				ASSETCATALOG_COMPILER_APPICON_NAME = AppIcon;
				ASSETCATALOG_COMPILER_GLOBAL_ACCENT_COLOR_NAME = AccentColor;
				CODE_SIGN_ENTITLEMENTS = "Drivers Log/Drivers Log.entitlements";
				CODE_SIGN_IDENTITY = "Apple Distribution: Jason PETERS (36LA7K6V94)";
				"CODE_SIGN_IDENTITY[sdk=iphoneos*]" = "Apple Distribution: Jason PETERS (36LA7K6V94)";
				CODE_SIGN_STYLE = Manual;
				CURRENT_PROJECT_VERSION = 1;
				DEVELOPMENT_ASSET_PATHS = "\"Drivers Log/Preview Content\"";
				DEVELOPMENT_TEAM = 36LA7K6V94;
				"DEVELOPMENT_TEAM[sdk=iphoneos*]" = 36LA7K6V94;
				ENABLE_PREVIEWS = YES;
				GENERATE_INFOPLIST_FILE = YES;
				INFOPLIST_FILE = "Drivers-Log-Info.plist";
				INFOPLIST_KEY_LSSupportsOpeningDocumentsInPlace = YES;
				INFOPLIST_KEY_NSLocationAlwaysAndWhenInUseUsageDescription = "It wants to access your location";
				INFOPLIST_KEY_NSLocationAlwaysUsageDescription = "It wants to access your location";
				INFOPLIST_KEY_NSLocationWhenInUseUsageDescription = "It wants to access your location";
				INFOPLIST_KEY_UIApplicationSceneManifest_Generation = YES;
				INFOPLIST_KEY_UIApplicationSupportsIndirectInputEvents = YES;
				INFOPLIST_KEY_UILaunchScreen_Generation = YES;
				INFOPLIST_KEY_UISupportedInterfaceOrientations_iPad = "UIInterfaceOrientationPortrait UIInterfaceOrientationPortraitUpsideDown UIInterfaceOrientationLandscapeLeft UIInterfaceOrientationLandscapeRight";
				INFOPLIST_KEY_UISupportedInterfaceOrientations_iPhone = "UIInterfaceOrientationPortrait UIInterfaceOrientationLandscapeLeft UIInterfaceOrientationLandscapeRight";
				INFOPLIST_KEY_UIUserInterfaceStyle = Light;
				LD_RUNPATH_SEARCH_PATHS = (
					"$(inherited)",
					"@executable_path/Frameworks",
				);
				MARKETING_VERSION = 1.0;
				PRODUCT_BUNDLE_IDENTIFIER = com.jasonpeters.driverslog;
				PRODUCT_NAME = "$(TARGET_NAME)";
				PROVISIONING_PROFILE_SPECIFIER = JPDistribution;
				"PROVISIONING_PROFILE_SPECIFIER[sdk=iphoneos*]" = JPDistribution;
				SWIFT_EMIT_LOC_STRINGS = YES;
				SWIFT_VERSION = 5.0;
				TARGETED_DEVICE_FAMILY = "1,2";
			};
			name = Release;
		};
/* End XCBuildConfiguration section */

/* Begin XCConfigurationList section */
		D57CD4BA2B9EF60000D677E4 /* Build configuration list for PBXProject "Drivers Log" */ = {
			isa = XCConfigurationList;
			buildConfigurations = (
				D57CD4CB2B9EF60200D677E4 /* Debug */,
				D57CD4CC2B9EF60200D677E4 /* Release */,
			);
			defaultConfigurationIsVisible = 0;
			defaultConfigurationName = Release;
		};
		D57CD4CD2B9EF60200D677E4 /* Build configuration list for PBXNativeTarget "Drivers Log" */ = {
			isa = XCConfigurationList;
			buildConfigurations = (
				D57CD4CE2B9EF60200D677E4 /* Debug */,
				D57CD4CF2B9EF60200D677E4 /* Release */,
			);
			defaultConfigurationIsVisible = 0;
			defaultConfigurationName = Release;
		};
/* End XCConfigurationList section */

/* Begin XCRemoteSwiftPackageReference section */
		D5BB06E52BBAEBC400C0DE5D /* XCRemoteSwiftPackageReference "ios-maps-sdk" */ = {
			isa = XCRemoteSwiftPackageReference;
			repositoryURL = "https://github.com/googlemaps/ios-maps-sdk";
			requirement = {
				kind = upToNextMajorVersion;
				minimumVersion = 8.4.0;
			};
		};
		D5C7A3392BBCDFB500FCAF36 /* XCRemoteSwiftPackageReference "ios-places-sdk" */ = {
			isa = XCRemoteSwiftPackageReference;
			repositoryURL = "https://github.com/googlemaps/ios-places-sdk";
			requirement = {
				kind = upToNextMajorVersion;
				minimumVersion = 8.5.0;
			};
		};
		D5C7A3472BBD715800FCAF36 /* XCRemoteSwiftPackageReference "firebase-ios-sdk" */ = {
			isa = XCRemoteSwiftPackageReference;
			repositoryURL = "https://github.com/firebase/firebase-ios-sdk";
			requirement = {
				kind = upToNextMajorVersion;
				minimumVersion = 10.23.1;
			};
		};
/* End XCRemoteSwiftPackageReference section */

/* Begin XCSwiftPackageProductDependency section */
		D5BB06E62BBAEBC400C0DE5D /* GoogleMaps */ = {
			isa = XCSwiftPackageProductDependency;
			package = D5BB06E52BBAEBC400C0DE5D /* XCRemoteSwiftPackageReference "ios-maps-sdk" */;
			productName = GoogleMaps;
		};
		D5BB06E82BBAEBC400C0DE5D /* GoogleMapsBase */ = {
			isa = XCSwiftPackageProductDependency;
			package = D5BB06E52BBAEBC400C0DE5D /* XCRemoteSwiftPackageReference "ios-maps-sdk" */;
			productName = GoogleMapsBase;
		};
		D5BB06EA2BBAEBC400C0DE5D /* GoogleMapsCore */ = {
			isa = XCSwiftPackageProductDependency;
			package = D5BB06E52BBAEBC400C0DE5D /* XCRemoteSwiftPackageReference "ios-maps-sdk" */;
			productName = GoogleMapsCore;
		};
		D5BB06EC2BBAEBC400C0DE5D /* GoogleMapsM4B */ = {
			isa = XCSwiftPackageProductDependency;
			package = D5BB06E52BBAEBC400C0DE5D /* XCRemoteSwiftPackageReference "ios-maps-sdk" */;
			productName = GoogleMapsM4B;
		};
		D5C7A33A2BBCDFB500FCAF36 /* GooglePlaces */ = {
			isa = XCSwiftPackageProductDependency;
			package = D5C7A3392BBCDFB500FCAF36 /* XCRemoteSwiftPackageReference "ios-places-sdk" */;
			productName = GooglePlaces;
		};
		D5C7A3482BBD715800FCAF36 /* FirebaseAnalytics */ = {
			isa = XCSwiftPackageProductDependency;
			package = D5C7A3472BBD715800FCAF36 /* XCRemoteSwiftPackageReference "firebase-ios-sdk" */;
			productName = FirebaseAnalytics;
		};
		D5C7A34A2BBD715800FCAF36 /* FirebaseAnalyticsOnDeviceConversion */ = {
			isa = XCSwiftPackageProductDependency;
			package = D5C7A3472BBD715800FCAF36 /* XCRemoteSwiftPackageReference "firebase-ios-sdk" */;
			productName = FirebaseAnalyticsOnDeviceConversion;
		};
		D5C7A34C2BBD715800FCAF36 /* FirebaseAnalyticsSwift */ = {
			isa = XCSwiftPackageProductDependency;
			package = D5C7A3472BBD715800FCAF36 /* XCRemoteSwiftPackageReference "firebase-ios-sdk" */;
			productName = FirebaseAnalyticsSwift;
		};
		D5C7A34E2BBD715800FCAF36 /* FirebaseAnalyticsWithoutAdIdSupport */ = {
			isa = XCSwiftPackageProductDependency;
			package = D5C7A3472BBD715800FCAF36 /* XCRemoteSwiftPackageReference "firebase-ios-sdk" */;
			productName = FirebaseAnalyticsWithoutAdIdSupport;
		};
		D5C7A3502BBD715800FCAF36 /* FirebaseAppCheck */ = {
			isa = XCSwiftPackageProductDependency;
			package = D5C7A3472BBD715800FCAF36 /* XCRemoteSwiftPackageReference "firebase-ios-sdk" */;
			productName = FirebaseAppCheck;
		};
		D5C7A3522BBD715800FCAF36 /* FirebaseAppDistribution-Beta */ = {
			isa = XCSwiftPackageProductDependency;
			package = D5C7A3472BBD715800FCAF36 /* XCRemoteSwiftPackageReference "firebase-ios-sdk" */;
			productName = "FirebaseAppDistribution-Beta";
		};
		D5C7A3552BBD718200FCAF36 /* FirebaseAuth */ = {
			isa = XCSwiftPackageProductDependency;
			package = D5C7A3472BBD715800FCAF36 /* XCRemoteSwiftPackageReference "firebase-ios-sdk" */;
			productName = FirebaseAuth;
		};
		D5C7A3572BBD718D00FCAF36 /* FirebaseFirestore */ = {
			isa = XCSwiftPackageProductDependency;
			package = D5C7A3472BBD715800FCAF36 /* XCRemoteSwiftPackageReference "firebase-ios-sdk" */;
			productName = FirebaseFirestore;
		};
/* End XCSwiftPackageProductDependency section */
	};
	rootObject = D57CD4B72B9EF60000D677E4 /* Project object */;
}
